
Microsoft Visual Studio Solution File, Format Version 12.00
# Visual Studio Version 17
VisualStudioVersion = 17.3.32825.248
MinimumVisualStudioVersion = 10.0.40219.1
Project("{FAE04EC0-301F-11D3-BF4B-00C04F79EFBC}") = "design-cs", "design-cs\design-cs.csproj", "{985A0743-3645-4577-9697-5C4D8AC7EB01}"
EndProject
Global
	GlobalSection(SolutionConfigurationPlatforms) = preSolution
		Debug|Any CPU = Debug|Any CPU
		Release|Any CPU = Release|Any CPU
	EndGlobalSection
	GlobalSection(ProjectConfigurationPlatforms) = postSolution
		{985A0743-3645-4577-9697-5C4D8AC7EB01}.Debug|Any CPU.ActiveCfg = Debug|Any CPU
		{985A0743-3645-4577-9697-5C4D8AC7EB01}.Debug|Any CPU.Build.0 = Debug|Any CPU
		{985A0743-3645-4577-9697-5C4D8AC7EB01}.Release|Any CPU.ActiveCfg = Release|Any CPU
		{985A0743-3645-4577-9697-5C4D8AC7EB01}.Release|Any CPU.Build.0 = Release|Any CPU
	EndGlobalSection
	GlobalSection(SolutionProperties) = preSolution
		HideSolutionNode = FALSE
	EndGlobalSection
	GlobalSection(ExtensibilityGlobals) = postSolution
		SolutionGuid = {19AF008A-8147-4418-A46F-DD13F161DAC9}
	EndGlobalSection
EndGlobal
